
Microsoft Visual Studio Solution File, Format Version 12.00
# Visual Studio Version 17
VisualStudioVersion = 17.9.34728.123
MinimumVisualStudioVersion = 10.0.40219.1
Project("{9A19103F-16F7-4668-BE54-9A1E7A4F7556}") = "SMODotNetCore.ConsoleApp", "SMODotNetCore.ConsoleApp\SMODotNetCore.ConsoleApp.csproj", "{49F56C49-2E58-4561-BED5-92A79D893398}"
EndProject
Project("{2150E333-8FDC-42A3-9474-1A3956D46DE8}") = "Documents", "Documents", "{60F980B5-DA2B-4406-95B5-3C1E782E88DC}"
	ProjectSection(SolutionItems) = preProject
		README.md = README.md
	EndProjectSection
EndProject
Project("{9A19103F-16F7-4668-BE54-9A1E7A4F7556}") = "SMODotNetCore.RestApi", "SMODotNetCore.RestApi\SMODotNetCore.RestApi.csproj", "{769425E7-27ED-4E47-8891-8613D3EAE753}"
EndProject
Project("{9A19103F-16F7-4668-BE54-9A1E7A4F7556}") = "SMODotNetCore.Share", "SMODotNetCore.Share\SMODotNetCore.Share.csproj", "{E8D2FE49-02BB-49F2-85BB-A166A445A53E}"
EndProject
Project("{9A19103F-16F7-4668-BE54-9A1E7A4F7556}") = "SMODotNetCore.RestApiWithNLayer", "SMODotNetCore.RestApiWithNLayer\SMODotNetCore.RestApiWithNLayer.csproj", "{8E717AA4-B097-47D5-9706-3F28E2AD76DC}"
EndProject
Project("{9A19103F-16F7-4668-BE54-9A1E7A4F7556}") = "SMODotNetCore.ConsoleAppHttpClient", "SMODotNetCore.ConsoleAppHttpClient\SMODotNetCore.ConsoleAppHttpClient.csproj", "{EDF571C4-478C-4303-9499-773BF8535364}"
EndProject
Project("{9A19103F-16F7-4668-BE54-9A1E7A4F7556}") = "SMODotNetCore.ConsoleAppHttpClientExample", "SMODotNetCore.ConsoleAppHttpClientExample\SMODotNetCore.ConsoleAppHttpClientExample.csproj", "{9C746577-D701-4B66-A84B-99ACA6009BF4}"
EndProject
Project("{9A19103F-16F7-4668-BE54-9A1E7A4F7556}") = "SMODotNetCore.ConsoleAppRestClientExamples", "SMODotNetCore.ConsoleAppRestClientExamples\SMODotNetCore.ConsoleAppRestClientExamples.csproj", "{CA5AFEBC-37EB-4C94-9AE7-E9A577383C47}"
EndProject
Project("{9A19103F-16F7-4668-BE54-9A1E7A4F7556}") = "SMODotNetCore.PizzaApi", "SMODotNetCore.PizzaApi\SMODotNetCore.PizzaApi.csproj", "{E760481B-FA9B-44B2-838C-4CA03A86F7F8}"
EndProject
Project("{FAE04EC0-301F-11D3-BF4B-00C04F79EFBC}") = "SMODotNetCore.ConsoleAppRefitExample", "SMODotNetCore.ConsoleAppRefitExample\SMODotNetCore.ConsoleAppRefitExample.csproj", "{A1EC13B9-000D-43B9-81CA-64E7E162D81F}"
EndProject
Project("{FAE04EC0-301F-11D3-BF4B-00C04F79EFBC}") = "SMODotNetCore.WinFormsApp", "SMODotNetCore.WinFormsApp\SMODotNetCore.WinFormsApp.csproj", "{64BA66F9-DC32-42DF-9223-8088A407E838}"
EndProject
Global
	GlobalSection(SolutionConfigurationPlatforms) = preSolution
		Debug|Any CPU = Debug|Any CPU
		Release|Any CPU = Release|Any CPU
	EndGlobalSection
	GlobalSection(ProjectConfigurationPlatforms) = postSolution
		{49F56C49-2E58-4561-BED5-92A79D893398}.Debug|Any CPU.ActiveCfg = Debug|Any CPU
		{49F56C49-2E58-4561-BED5-92A79D893398}.Debug|Any CPU.Build.0 = Debug|Any CPU
		{49F56C49-2E58-4561-BED5-92A79D893398}.Release|Any CPU.ActiveCfg = Release|Any CPU
		{49F56C49-2E58-4561-BED5-92A79D893398}.Release|Any CPU.Build.0 = Release|Any CPU
		{769425E7-27ED-4E47-8891-8613D3EAE753}.Debug|Any CPU.ActiveCfg = Debug|Any CPU
		{769425E7-27ED-4E47-8891-8613D3EAE753}.Debug|Any CPU.Build.0 = Debug|Any CPU
		{769425E7-27ED-4E47-8891-8613D3EAE753}.Release|Any CPU.ActiveCfg = Release|Any CPU
		{769425E7-27ED-4E47-8891-8613D3EAE753}.Release|Any CPU.Build.0 = Release|Any CPU
		{E8D2FE49-02BB-49F2-85BB-A166A445A53E}.Debug|Any CPU.ActiveCfg = Debug|Any CPU
		{E8D2FE49-02BB-49F2-85BB-A166A445A53E}.Debug|Any CPU.Build.0 = Debug|Any CPU
		{E8D2FE49-02BB-49F2-85BB-A166A445A53E}.Release|Any CPU.ActiveCfg = Release|Any CPU
		{E8D2FE49-02BB-49F2-85BB-A166A445A53E}.Release|Any CPU.Build.0 = Release|Any CPU
		{8E717AA4-B097-47D5-9706-3F28E2AD76DC}.Debug|Any CPU.ActiveCfg = Debug|Any CPU
		{8E717AA4-B097-47D5-9706-3F28E2AD76DC}.Debug|Any CPU.Build.0 = Debug|Any CPU
		{8E717AA4-B097-47D5-9706-3F28E2AD76DC}.Release|Any CPU.ActiveCfg = Release|Any CPU
		{8E717AA4-B097-47D5-9706-3F28E2AD76DC}.Release|Any CPU.Build.0 = Release|Any CPU
		{EDF571C4-478C-4303-9499-773BF8535364}.Debug|Any CPU.ActiveCfg = Debug|Any CPU
		{EDF571C4-478C-4303-9499-773BF8535364}.Debug|Any CPU.Build.0 = Debug|Any CPU
		{EDF571C4-478C-4303-9499-773BF8535364}.Release|Any CPU.ActiveCfg = Release|Any CPU
		{EDF571C4-478C-4303-9499-773BF8535364}.Release|Any CPU.Build.0 = Release|Any CPU
		{9C746577-D701-4B66-A84B-99ACA6009BF4}.Debug|Any CPU.ActiveCfg = Debug|Any CPU
		{9C746577-D701-4B66-A84B-99ACA6009BF4}.Debug|Any CPU.Build.0 = Debug|Any CPU
		{9C746577-D701-4B66-A84B-99ACA6009BF4}.Release|Any CPU.ActiveCfg = Release|Any CPU
		{9C746577-D701-4B66-A84B-99ACA6009BF4}.Release|Any CPU.Build.0 = Release|Any CPU
		{CA5AFEBC-37EB-4C94-9AE7-E9A577383C47}.Debug|Any CPU.ActiveCfg = Debug|Any CPU
		{CA5AFEBC-37EB-4C94-9AE7-E9A577383C47}.Debug|Any CPU.Build.0 = Debug|Any CPU
		{CA5AFEBC-37EB-4C94-9AE7-E9A577383C47}.Release|Any CPU.ActiveCfg = Release|Any CPU
		{CA5AFEBC-37EB-4C94-9AE7-E9A577383C47}.Release|Any CPU.Build.0 = Release|Any CPU
		{E760481B-FA9B-44B2-838C-4CA03A86F7F8}.Debug|Any CPU.ActiveCfg = Debug|Any CPU
		{E760481B-FA9B-44B2-838C-4CA03A86F7F8}.Debug|Any CPU.Build.0 = Debug|Any CPU
		{E760481B-FA9B-44B2-838C-4CA03A86F7F8}.Release|Any CPU.ActiveCfg = Release|Any CPU
		{E760481B-FA9B-44B2-838C-4CA03A86F7F8}.Release|Any CPU.Build.0 = Release|Any CPU
		{A1EC13B9-000D-43B9-81CA-64E7E162D81F}.Debug|Any CPU.ActiveCfg = Debug|Any CPU
		{A1EC13B9-000D-43B9-81CA-64E7E162D81F}.Debug|Any CPU.Build.0 = Debug|Any CPU
		{A1EC13B9-000D-43B9-81CA-64E7E162D81F}.Release|Any CPU.ActiveCfg = Release|Any CPU
		{A1EC13B9-000D-43B9-81CA-64E7E162D81F}.Release|Any CPU.Build.0 = Release|Any CPU
		{64BA66F9-DC32-42DF-9223-8088A407E838}.Debug|Any CPU.ActiveCfg = Debug|Any CPU
		{64BA66F9-DC32-42DF-9223-8088A407E838}.Debug|Any CPU.Build.0 = Debug|Any CPU
		{64BA66F9-DC32-42DF-9223-8088A407E838}.Release|Any CPU.ActiveCfg = Release|Any CPU
		{64BA66F9-DC32-42DF-9223-8088A407E838}.Release|Any CPU.Build.0 = Release|Any CPU
	EndGlobalSection
	GlobalSection(SolutionProperties) = preSolution
		HideSolutionNode = FALSE
	EndGlobalSection
	GlobalSection(ExtensibilityGlobals) = postSolution
		SolutionGuid = {55159DD8-0592-4E64-BFB1-4078169BE306}
	EndGlobalSection
EndGlobal
